
Microsoft Visual Studio Solution File, Format Version 12.00
# Visual Studio 15
VisualStudioVersion = 15.0.28307.1145
MinimumVisualStudioVersion = 10.0.40219.1
Project("{F184B08F-C81C-45F6-A57F-5ABD9991F28F}") = "CapaDeDatos", "CapaDeDatos\CapaDeDatos.vbproj", "{F4EAD10E-4EF2-4D75-BB36-86CC0D145B34}"
EndProject
Project("{F184B08F-C81C-45F6-A57F-5ABD9991F28F}") = "CapaLogica", "CapaLogica\CapaLogica.vbproj", "{CAAD7288-99D9-4B24-8B23-48020A63A232}"
EndProject
Project("{F184B08F-C81C-45F6-A57F-5ABD9991F28F}") = "CapaVisual", "CapaVisual\CapaVisual.vbproj", "{9B497C75-8DF0-48C7-B749-9029F4099C12}"
EndProject
Global
	GlobalSection(SolutionConfigurationPlatforms) = preSolution
		Debug|Any CPU = Debug|Any CPU
		Release|Any CPU = Release|Any CPU
	EndGlobalSection
	GlobalSection(ProjectConfigurationPlatforms) = postSolution
		{F4EAD10E-4EF2-4D75-BB36-86CC0D145B34}.Debug|Any CPU.ActiveCfg = Debug|Any CPU
		{F4EAD10E-4EF2-4D75-BB36-86CC0D145B34}.Debug|Any CPU.Build.0 = Debug|Any CPU
		{F4EAD10E-4EF2-4D75-BB36-86CC0D145B34}.Release|Any CPU.ActiveCfg = Release|Any CPU
		{F4EAD10E-4EF2-4D75-BB36-86CC0D145B34}.Release|Any CPU.Build.0 = Release|Any CPU
		{CAAD7288-99D9-4B24-8B23-48020A63A232}.Debug|Any CPU.ActiveCfg = Debug|Any CPU
		{CAAD7288-99D9-4B24-8B23-48020A63A232}.Debug|Any CPU.Build.0 = Debug|Any CPU
		{CAAD7288-99D9-4B24-8B23-48020A63A232}.Release|Any CPU.ActiveCfg = Release|Any CPU
		{CAAD7288-99D9-4B24-8B23-48020A63A232}.Release|Any CPU.Build.0 = Release|Any CPU
		{9B497C75-8DF0-48C7-B749-9029F4099C12}.Debug|Any CPU.ActiveCfg = Debug|Any CPU
		{9B497C75-8DF0-48C7-B749-9029F4099C12}.Debug|Any CPU.Build.0 = Debug|Any CPU
		{9B497C75-8DF0-48C7-B749-9029F4099C12}.Release|Any CPU.ActiveCfg = Release|Any CPU
		{9B497C75-8DF0-48C7-B749-9029F4099C12}.Release|Any CPU.Build.0 = Release|Any CPU
	EndGlobalSection
	GlobalSection(SolutionProperties) = preSolution
		HideSolutionNode = FALSE
	EndGlobalSection
	GlobalSection(ExtensibilityGlobals) = postSolution
		SolutionGuid = {28A24E36-5B74-4693-A8EF-4BCD0467C2D4}
	EndGlobalSection
EndGlobal
